
Microsoft Visual Studio Solution File, Format Version 12.00
# Visual Studio 2013
VisualStudioVersion = 12.0.40629.0
MinimumVisualStudioVersion = 10.0.40219.1
Project("{FAE04EC0-301F-11D3-BF4B-00C04F79EFBC}") = "Anagramer", "Anagramer\Anagramer.csproj", "{34B04B87-750B-4D4F-A648-6D86E7134377}"
EndProject
Project("{2150E333-8FDC-42A3-9474-1A3956D46DE8}") = "Solution Items", "Solution Items", "{FB038E90-9DA8-4F48-ADD5-E9AFA2D0EEFB}"
	ProjectSection(SolutionItems) = preProject
		EnglishDictionary.txt = EnglishDictionary.txt
		google-10000-english-usa.txt = google-10000-english-usa.txt
	EndProjectSection
EndProject
Global
	GlobalSection(SolutionConfigurationPlatforms) = preSolution
		Debug|Any CPU = Debug|Any CPU
		Release|Any CPU = Release|Any CPU
	EndGlobalSection
	GlobalSection(ProjectConfigurationPlatforms) = postSolution
		{34B04B87-750B-4D4F-A648-6D86E7134377}.Debug|Any CPU.ActiveCfg = Debug|Any CPU
		{34B04B87-750B-4D4F-A648-6D86E7134377}.Debug|Any CPU.Build.0 = Debug|Any CPU
		{34B04B87-750B-4D4F-A648-6D86E7134377}.Release|Any CPU.ActiveCfg = Release|Any CPU
		{34B04B87-750B-4D4F-A648-6D86E7134377}.Release|Any CPU.Build.0 = Release|Any CPU
	EndGlobalSection
	GlobalSection(SolutionProperties) = preSolution
		HideSolutionNode = FALSE
	EndGlobalSection
EndGlobal
